
Microsoft Visual Studio Solution File, Format Version 12.00
# Visual Studio Version 17
VisualStudioVersion = 17.4.33205.214
MinimumVisualStudioVersion = 10.0.40219.1
Project("{9A19103F-16F7-4668-BE54-9A1E7A4F7556}") = "Movies", "Movies\Movies.csproj", "{887710BB-223E-4426-9579-70727439C332}"
EndProject
Project("{9A19103F-16F7-4668-BE54-9A1E7A4F7556}") = "MadLib", "MadLib\MadLib.csproj", "{01063278-3270-4E95-A000-18D89A700C06}"
EndProject
Project("{9A19103F-16F7-4668-BE54-9A1E7A4F7556}") = "VideoGameLibrary", "VideoGameLibrary\VideoGameLibrary.csproj", "{3CBA9803-1E0A-4EB4-B3B4-7D20B814EBA8}"
EndProject
Project("{9A19103F-16F7-4668-BE54-9A1E7A4F7556}") = "Routing", "Routing\Routing.csproj", "{8059D72F-5DF2-4E63-85C4-F747FC6E9F20}"
EndProject
Project("{FAE04EC0-301F-11D3-BF4B-00C04F79EFBC}") = "ValidationPractice", "ValidationPractice\ValidationPractice.csproj", "{59CDC17F-D00F-45A6-B3C3-DA2538E9266D}"
EndProject
Global
	GlobalSection(SolutionConfigurationPlatforms) = preSolution
		Debug|Any CPU = Debug|Any CPU
		Release|Any CPU = Release|Any CPU
	EndGlobalSection
	GlobalSection(ProjectConfigurationPlatforms) = postSolution
		{887710BB-223E-4426-9579-70727439C332}.Debug|Any CPU.ActiveCfg = Debug|Any CPU
		{887710BB-223E-4426-9579-70727439C332}.Debug|Any CPU.Build.0 = Debug|Any CPU
		{887710BB-223E-4426-9579-70727439C332}.Release|Any CPU.ActiveCfg = Release|Any CPU
		{887710BB-223E-4426-9579-70727439C332}.Release|Any CPU.Build.0 = Release|Any CPU
		{01063278-3270-4E95-A000-18D89A700C06}.Debug|Any CPU.ActiveCfg = Debug|Any CPU
		{01063278-3270-4E95-A000-18D89A700C06}.Debug|Any CPU.Build.0 = Debug|Any CPU
		{01063278-3270-4E95-A000-18D89A700C06}.Release|Any CPU.ActiveCfg = Release|Any CPU
		{01063278-3270-4E95-A000-18D89A700C06}.Release|Any CPU.Build.0 = Release|Any CPU
		{3CBA9803-1E0A-4EB4-B3B4-7D20B814EBA8}.Debug|Any CPU.ActiveCfg = Debug|Any CPU
		{3CBA9803-1E0A-4EB4-B3B4-7D20B814EBA8}.Debug|Any CPU.Build.0 = Debug|Any CPU
		{3CBA9803-1E0A-4EB4-B3B4-7D20B814EBA8}.Release|Any CPU.ActiveCfg = Release|Any CPU
		{3CBA9803-1E0A-4EB4-B3B4-7D20B814EBA8}.Release|Any CPU.Build.0 = Release|Any CPU
		{8059D72F-5DF2-4E63-85C4-F747FC6E9F20}.Debug|Any CPU.ActiveCfg = Debug|Any CPU
		{8059D72F-5DF2-4E63-85C4-F747FC6E9F20}.Debug|Any CPU.Build.0 = Debug|Any CPU
		{8059D72F-5DF2-4E63-85C4-F747FC6E9F20}.Release|Any CPU.ActiveCfg = Release|Any CPU
		{8059D72F-5DF2-4E63-85C4-F747FC6E9F20}.Release|Any CPU.Build.0 = Release|Any CPU
		{59CDC17F-D00F-45A6-B3C3-DA2538E9266D}.Debug|Any CPU.ActiveCfg = Debug|Any CPU
		{59CDC17F-D00F-45A6-B3C3-DA2538E9266D}.Debug|Any CPU.Build.0 = Debug|Any CPU
		{59CDC17F-D00F-45A6-B3C3-DA2538E9266D}.Release|Any CPU.ActiveCfg = Release|Any CPU
		{59CDC17F-D00F-45A6-B3C3-DA2538E9266D}.Release|Any CPU.Build.0 = Release|Any CPU
	EndGlobalSection
	GlobalSection(SolutionProperties) = preSolution
		HideSolutionNode = FALSE
	EndGlobalSection
	GlobalSection(ExtensibilityGlobals) = postSolution
		SolutionGuid = {401FCD16-7E1B-4533-BB3B-F889D37D9F29}
	EndGlobalSection
EndGlobal
